
Microsoft Visual Studio Solution File, Format Version 12.00
# Visual Studio Version 16
VisualStudioVersion = 16.0.31729.503
MinimumVisualStudioVersion = 10.0.40219.1
Project("{FAE04EC0-301F-11D3-BF4B-00C04F79EFBC}") = "APIValidation", "APIValidation\APIValidation.csproj", "{FC962ABA-117A-4F01-9410-A14F0390765E}"
EndProject
Global
	GlobalSection(SolutionConfigurationPlatforms) = preSolution
		Debug|Any CPU = Debug|Any CPU
		Release|Any CPU = Release|Any CPU
	EndGlobalSection
	GlobalSection(ProjectConfigurationPlatforms) = postSolution
		{FC962ABA-117A-4F01-9410-A14F0390765E}.Debug|Any CPU.ActiveCfg = Debug|Any CPU
		{FC962ABA-117A-4F01-9410-A14F0390765E}.Debug|Any CPU.Build.0 = Debug|Any CPU
		{FC962ABA-117A-4F01-9410-A14F0390765E}.Release|Any CPU.ActiveCfg = Release|Any CPU
		{FC962ABA-117A-4F01-9410-A14F0390765E}.Release|Any CPU.Build.0 = Release|Any CPU
	EndGlobalSection
	GlobalSection(SolutionProperties) = preSolution
		HideSolutionNode = FALSE
	EndGlobalSection
	GlobalSection(ExtensibilityGlobals) = postSolution
		SolutionGuid = {B05CF7F0-30D9-4744-BC11-BC883867AC39}
	EndGlobalSection
EndGlobal
